
Microsoft Visual Studio Solution File, Format Version 12.00
# Visual Studio Version 17
VisualStudioVersion = 17.10.35013.160
MinimumVisualStudioVersion = 10.0.40219.1
Project("{FAE04EC0-301F-11D3-BF4B-00C04F79EFBC}") = "winfromcon", "winfromcon\winfromcon.csproj", "{AE141D4A-582A-4FEB-AFF3-D9ACC369CD4F}"
EndProject
Global
	GlobalSection(SolutionConfigurationPlatforms) = preSolution
		Debug|Any CPU = Debug|Any CPU
		Release|Any CPU = Release|Any CPU
	EndGlobalSection
	GlobalSection(ProjectConfigurationPlatforms) = postSolution
		{AE141D4A-582A-4FEB-AFF3-D9ACC369CD4F}.Debug|Any CPU.ActiveCfg = Debug|Any CPU
		{AE141D4A-582A-4FEB-AFF3-D9ACC369CD4F}.Debug|Any CPU.Build.0 = Debug|Any CPU
		{AE141D4A-582A-4FEB-AFF3-D9ACC369CD4F}.Release|Any CPU.ActiveCfg = Release|Any CPU
		{AE141D4A-582A-4FEB-AFF3-D9ACC369CD4F}.Release|Any CPU.Build.0 = Release|Any CPU
	EndGlobalSection
	GlobalSection(SolutionProperties) = preSolution
		HideSolutionNode = FALSE
	EndGlobalSection
	GlobalSection(ExtensibilityGlobals) = postSolution
		SolutionGuid = {D1256F58-012A-4015-AF7A-F8791096DDE0}
	EndGlobalSection
EndGlobal
